
Microsoft Visual Studio Solution File, Format Version 12.00
# Visual Studio Version 16
VisualStudioVersion = 16.0.29905.134
MinimumVisualStudioVersion = 10.0.40219.1
Project("{FAE04EC0-301F-11D3-BF4B-00C04F79EFBC}") = "BookStore.API", "src\BookStore.API\BookStore.API.csproj", "{48BC7628-A51B-401B-845C-3D361758C0FA}"
EndProject
Project("{FAE04EC0-301F-11D3-BF4B-00C04F79EFBC}") = "BookStore.Domain", "src\BookStore.Domain\BookStore.Domain.csproj", "{59C0E83F-0DDC-4AD0-AD23-7B6558FEBF5C}"
EndProject
Project("{FAE04EC0-301F-11D3-BF4B-00C04F79EFBC}") = "BookStore.Infrastructure", "src\BookStore.Infrastructure\BookStore.Infrastructure.csproj", "{49E9AF4B-A373-4F0C-B210-6C097E1C9D49}"
EndProject
Global
	GlobalSection(SolutionConfigurationPlatforms) = preSolution
		Debug|Any CPU = Debug|Any CPU
		Release|Any CPU = Release|Any CPU
	EndGlobalSection
	GlobalSection(ProjectConfigurationPlatforms) = postSolution
		{48BC7628-A51B-401B-845C-3D361758C0FA}.Debug|Any CPU.ActiveCfg = Debug|Any CPU
		{48BC7628-A51B-401B-845C-3D361758C0FA}.Debug|Any CPU.Build.0 = Debug|Any CPU
		{48BC7628-A51B-401B-845C-3D361758C0FA}.Release|Any CPU.ActiveCfg = Release|Any CPU
		{48BC7628-A51B-401B-845C-3D361758C0FA}.Release|Any CPU.Build.0 = Release|Any CPU
		{59C0E83F-0DDC-4AD0-AD23-7B6558FEBF5C}.Debug|Any CPU.ActiveCfg = Debug|Any CPU
		{59C0E83F-0DDC-4AD0-AD23-7B6558FEBF5C}.Debug|Any CPU.Build.0 = Debug|Any CPU
		{59C0E83F-0DDC-4AD0-AD23-7B6558FEBF5C}.Release|Any CPU.ActiveCfg = Release|Any CPU
		{59C0E83F-0DDC-4AD0-AD23-7B6558FEBF5C}.Release|Any CPU.Build.0 = Release|Any CPU
		{49E9AF4B-A373-4F0C-B210-6C097E1C9D49}.Debug|Any CPU.ActiveCfg = Debug|Any CPU
		{49E9AF4B-A373-4F0C-B210-6C097E1C9D49}.Debug|Any CPU.Build.0 = Debug|Any CPU
		{49E9AF4B-A373-4F0C-B210-6C097E1C9D49}.Release|Any CPU.ActiveCfg = Release|Any CPU
		{49E9AF4B-A373-4F0C-B210-6C097E1C9D49}.Release|Any CPU.Build.0 = Release|Any CPU
	EndGlobalSection
	GlobalSection(SolutionProperties) = preSolution
		HideSolutionNode = FALSE
	EndGlobalSection
	GlobalSection(ExtensibilityGlobals) = postSolution
		SolutionGuid = {290A59F1-550C-471F-9CBF-6618F808A3CA}
	EndGlobalSection
EndGlobal
